{
    "_meta": {
        "hash": {
            "sha256": "75acace705bc738fdc25592dc88f5d379b084fb538979356db0b0de7cb4a50cc"
        },
        "pipfile-spec": 6,
        "requires": {
            "python_version": "3.7"
        },
        "sources": [
            {
                "name": "pypi",
                "url": "https://pypi.org/simple",
                "verify_ssl": true
            }
        ]
    },
    "default": {
        "altgraph": {
            "hashes": [
                "sha256:ad33358114df7c9416cdb8fa1eaa5852166c505118717021c6a8c7c7abbd03dd",
                "sha256:c8ac1ca6772207179ed8003ce7687757c04b0b71536f81e2ac5755c6226458fe"
            ],
            "version": "==0.17.3"
        },
        "future": {
            "hashes": [
                "sha256:34a17436ed1e96697a86f9de3d15a3b0be01d8bc8de9c1dffd59fb8234ed5307"
            ],
            "markers": "python_version >= '2.6' and python_version not in '3.0, 3.1, 3.2, 3.3'",
            "version": "==0.18.3"
        },
        "json-rpc": {
            "hashes": [
                "sha256:bc84451268b48a576d3138744322a8ce673eccadf7424edf4d446b1ddb59e58c",
                "sha256:d6ed3dae670a12e4caa738d309807357d22e2f6e222bb34e8ef019e8b5b1228b"
            ],
            "index": "pypi",
            "version": "==1.12.1"
        },
        "macholib": {
            "hashes": [
                "sha256:44c40f2cd7d6726af8fa6fe22549178d3a4dfecc35a9cd15ea916d9c83a688e0",
                "sha256:557bbfa1bb255c20e9abafe7ed6cd8046b48d9525db2f9b77d3122a63a2a8bf8"
            ],
            "version": "==1.16.2"
        },
        "pefile": {
            "hashes": [
                "sha256:a5488a3dd1fd021ce33f969780b88fe0f7eebb76eb20996d7318f307612a045b"
            ],
            "markers": "python_full_version >= '3.6.0'",
            "version": "==2022.5.30"
        },
        "pyinstaller": {
            "hashes": [
                "sha256:a5a6e04a66abfcf8761e89a2ebad937919c6be33a7b8963e1a961b55cb35986b"
            ],
            "index": "pypi",
            "version": "==3.4"
        },
        "setuptools": {
            "hashes": [
                "sha256:a7687c12b444eaac951ea87a9627c4f904ac757e7abdc5aac32833234af90378",
                "sha256:e261cdf010c11a41cb5cb5f1bf3338a7433832029f559a6a7614bd42a967c300"
            ],
            "markers": "python_version >= '3.7'",
            "version": "==67.1.0"
        },
        "websockets": {
            "hashes": [
                "sha256:04b42a1b57096ffa5627d6a78ea1ff7fad3bc2c0331ffc17bc32a4024da7fea0",
                "sha256:08e3c3e0535befa4f0c4443824496c03ecc25062debbcf895874f8a0b4c97c9f",
                "sha256:10d89d4326045bf5e15e83e9867c85d686b612822e4d8f149cf4840aab5f46e0",
                "sha256:232fac8a1978fc1dead4b1c2fa27c7756750fb393eb4ac52f6bc87ba7242b2fa",
                "sha256:4bf4c8097440eff22bc78ec76fe2a865a6e658b6977a504679aaf08f02c121da",
                "sha256:51642ea3a00772d1e48fb0c492f0d3ae3b6474f34d20eca005a83f8c9c06c561",
                "sha256:55d86102282a636e195dad68aaaf85b81d0bef449d7e2ef2ff79ac450bb25d53",
                "sha256:564d2675682bd497b59907d2205031acbf7d3fadf8c763b689b9ede20300b215",
                "sha256:5d13bf5197a92149dc0badcc2b699267ff65a867029f465accfca8abab95f412",
                "sha256:5eda665f6789edb9b57b57a159b9c55482cbe5b046d7db458948370554b16439",
                "sha256:5edb2524d4032be4564c65dc4f9d01e79fe8fad5f966e5b552f4e5164fef0885",
                "sha256:79691794288bc51e2a3b8de2bc0272ca8355d0b8503077ea57c0716e840ebaef",
                "sha256:7fcc8681e9981b9b511cdee7c580d5b005f3bb86b65bde2188e04a29f1d63317",
                "sha256:8e447e05ec88b1b408a4c9cde85aa6f4b04f06aa874b9f0b8e8319faf51b1fee",
                "sha256:90ea6b3e7787620bb295a4ae050d2811c807d65b1486749414f78cfd6fb61489",
                "sha256:9e13239952694b8b831088431d15f771beace10edfcf9ef230cefea14f18508f",
                "sha256:d40f081187f7b54d7a99d8a5c782eaa4edc335a057aa54c85059272ed826dc09",
                "sha256:e1df1a58ed2468c7b7ce9a2f9752a32ad08eac2bcd56318625c3647c2cd2da6f",
                "sha256:e98d0cec437097f09c7834a11c69d79fe6241729b23f656cfc227e93294fc242",
                "sha256:f8d59627702d2ff27cb495ca1abdea8bd8d581de425c56e93bff6517134e0a9b",
                "sha256:fc30cdf2e949a2225b012a7911d1d031df3d23e99b7eda7dfc982dc4a860dae9"
            ],
            "index": "pypi",
            "version": "==7.0"
        },
        "werkzeug": {
            "hashes": [
                "sha256:87ae4e5b5366da2347eb3116c0e6c681a0e939a33b2805e2c0cbd282664932c4",
                "sha256:a13b74dd3c45f758d4ebdb224be8f1ab8ef58b3c0ffc1783a8c7d9f4f50227e6"
            ],
            "index": "pypi",
            "version": "==0.15.5"
        },
        "youtube-dl": {
            "hashes": [
                "sha256:871a49c899709ad24e00da9ff88d165e399669439763ee0baa4b52929e84933d",
                "sha256:a64ffda79f467c81877d5452d775ebf858b43853ff7ce8644be3a80ebf3f9ea9"
            ],
            "index": "pypi",
            "version": "==2019.6.21"
        }
    },
    "develop": {
        "astroid": {
            "hashes": [
                "sha256:23c718921acab5f08cbbbe9293967f1f8fec40c336d19cd75dc12a9ea31d2eb2",
                "sha256:bd1aa4f9915c98e8aaebcd4e71930154d4e8c9aaf05d35ac0a63d1956091ae3f"
            ],
            "markers": "python_full_version >= '3.7.2'",
            "version": "==2.14.1"
        },
        "autopep8": {
            "hashes": [
                "sha256:4d8eec30cc81bc5617dbf1218201d770dc35629363547f17577c61683ccfb3ee"
            ],
            "index": "pypi",
            "version": "==1.4.4"
        },
        "isort": {
            "hashes": [
                "sha256:54da7e92468955c4fceacd0c86bd0ec997b0e1ee80d97f67c35a78b719dccab1",
                "sha256:6e811fcb295968434526407adb8796944f1988c5b65e8139058f2014cbe100fd"
            ],
            "markers": "python_version >= '2.7' and python_version not in '3.0, 3.1, 3.2, 3.3'",
            "version": "==4.3.21"
        },
        "lazy-object-proxy": {
            "hashes": [
                "sha256:09763491ce220c0299688940f8dc2c5d05fd1f45af1e42e636b2e8b2303e4382",
                "sha256:0a891e4e41b54fd5b8313b96399f8b0e173bbbfc03c7631f01efbe29bb0bcf82",
                "sha256:189bbd5d41ae7a498397287c408617fe5c48633e7755287b21d741f7db2706a9",
                "sha256:18b78ec83edbbeb69efdc0e9c1cb41a3b1b1ed11ddd8ded602464c3fc6020494",
                "sha256:1aa3de4088c89a1b69f8ec0dcc169aa725b0ff017899ac568fe44ddc1396df46",
                "sha256:212774e4dfa851e74d393a2370871e174d7ff0ebc980907723bb67d25c8a7c30",
                "sha256:2d0daa332786cf3bb49e10dc6a17a52f6a8f9601b4cf5c295a4f85854d61de63",
                "sha256:5f83ac4d83ef0ab017683d715ed356e30dd48a93746309c8f3517e1287523ef4",
                "sha256:659fb5809fa4629b8a1ac5106f669cfc7bef26fbb389dda53b3e010d1ac4ebae",
                "sha256:660c94ea760b3ce47d1855a30984c78327500493d396eac4dfd8bd82041b22be",
                "sha256:66a3de4a3ec06cd8af3f61b8e1ec67614fbb7c995d02fa224813cb7afefee701",
                "sha256:721532711daa7db0d8b779b0bb0318fa87af1c10d7fe5e52ef30f8eff254d0cd",
                "sha256:7322c3d6f1766d4ef1e51a465f47955f1e8123caee67dd641e67d539a534d006",
                "sha256:79a31b086e7e68b24b99b23d57723ef7e2c6d81ed21007b6281ebcd1688acb0a",
                "sha256:81fc4d08b062b535d95c9ea70dbe8a335c45c04029878e62d744bdced5141586",
                "sha256:8fa02eaab317b1e9e03f69aab1f91e120e7899b392c4fc19807a8278a07a97e8",
                "sha256:9090d8e53235aa280fc9239a86ae3ea8ac58eff66a705fa6aa2ec4968b95c821",
                "sha256:946d27deaff6cf8452ed0dba83ba38839a87f4f7a9732e8f9fd4107b21e6ff07",
                "sha256:9990d8e71b9f6488e91ad25f322898c136b008d87bf852ff65391b004da5e17b",
                "sha256:9cd077f3d04a58e83d04b20e334f678c2b0ff9879b9375ed107d5d07ff160171",
                "sha256:9e7551208b2aded9c1447453ee366f1c4070602b3d932ace044715d89666899b",
                "sha256:9f5fa4a61ce2438267163891961cfd5e32ec97a2c444e5b842d574251ade27d2",
                "sha256:b40387277b0ed2d0602b8293b94d7257e17d1479e257b4de114ea11a8cb7f2d7",
                "sha256:bfb38f9ffb53b942f2b5954e0f610f1e721ccebe9cce9025a38c8ccf4a5183a4",
                "sha256:cbf9b082426036e19c6924a9ce90c740a9861e2bdc27a4834fd0a910742ac1e8",
                "sha256:d9e25ef10a39e8afe59a5c348a4dbf29b4868ab76269f81ce1674494e2565a6e",
                "sha256:db1c1722726f47e10e0b5fdbf15ac3b8adb58c091d12b3ab713965795036985f",
                "sha256:e7c21c95cae3c05c14aafffe2865bbd5e377cfc1348c4f7751d9dc9a48ca4bda",
                "sha256:e8c6cfb338b133fbdbc5cfaa10fe3c6aeea827db80c978dbd13bc9dd8526b7d4",
                "sha256:ea806fd4c37bf7e7ad82537b0757999264d5f70c45468447bb2b91afdbe73a6e",
                "sha256:edd20c5a55acb67c7ed471fa2b5fb66cb17f61430b7a6b9c3b4a1e40293b1671",
                "sha256:f0117049dd1d5635bbff65444496c90e0baa48ea405125c088e93d9cf4525b11",
                "sha256:f0705c376533ed2a9e5e97aacdbfe04cecd71e0aa84c7c0595d02ef93b6e4455",
                "sha256:f12ad7126ae0c98d601a7ee504c1122bcef553d1d5e0c3bfa77b16b3968d2734",
                "sha256:f2457189d8257dd41ae9b434ba33298aec198e30adf2dcdaaa3a28b9994f6adb",
                "sha256:f699ac1c768270c9e384e4cbd268d6e67aebcfae6cd623b4d7c3bfde5a35db59"
            ],
            "markers": "python_version >= '3.7'",
            "version": "==1.9.0"
        },
        "mccabe": {
            "hashes": [
                "sha256:ab8a6258860da4b6677da4bd2fe5dc2c659cff31b3ee4f7f5d64e79735b80d42",
                "sha256:dd8d182285a0fe56bace7f45b5e7d1a6ebcbf524e8f3bd87eb0f125271b8831f"
            ],
            "version": "==0.6.1"
        },
        "pycodestyle": {
            "hashes": [
                "sha256:347187bdb476329d98f695c213d7295a846d1152ff4fe9bacb8a9590b8ee7053",
                "sha256:8a4eaf0d0495c7395bdab3589ac2db602797d76207242c17d470186815706610"
            ],
            "markers": "python_version >= '3.6'",
            "version": "==2.10.0"
        },
        "pylint": {
            "hashes": [
                "sha256:5d77031694a5fb97ea95e828c8d10fc770a1df6eb3906067aaed42201a8a6a09",
                "sha256:723e3db49555abaf9bf79dc474c6b9e2935ad82230b10c1138a71ea41ac0fff1"
            ],
            "index": "pypi",
            "version": "==2.3.1"
        },
        "typed-ast": {
            "hashes": [
                "sha256:0261195c2062caf107831e92a76764c81227dae162c4f75192c0d489faf751a2",
                "sha256:0fdbcf2fef0ca421a3f5912555804296f0b0960f0418c440f5d6d3abb549f3e1",
                "sha256:183afdf0ec5b1b211724dfef3d2cad2d767cbefac291f24d69b00546c1837fb6",
                "sha256:211260621ab1cd7324e0798d6be953d00b74e0428382991adfddb352252f1d62",
                "sha256:267e3f78697a6c00c689c03db4876dd1efdfea2f251a5ad6555e82a26847b4ac",
                "sha256:2efae9db7a8c05ad5547d522e7dbe62c83d838d3906a3716d1478b6c1d61388d",
                "sha256:370788a63915e82fd6f212865a596a0fefcbb7d408bbbb13dea723d971ed8bdc",
                "sha256:39e21ceb7388e4bb37f4c679d72707ed46c2fbf2a5609b8b8ebc4b067d977df2",
                "sha256:3e123d878ba170397916557d31c8f589951e353cc95fb7f24f6bb69adc1a8a97",
                "sha256:4879da6c9b73443f97e731b617184a596ac1235fe91f98d279a7af36c796da35",
                "sha256:4e964b4ff86550a7a7d56345c7864b18f403f5bd7380edf44a3c1fb4ee7ac6c6",
                "sha256:639c5f0b21776605dd6c9dbe592d5228f021404dafd377e2b7ac046b0349b1a1",
                "sha256:669dd0c4167f6f2cd9f57041e03c3c2ebf9063d0757dc89f79ba1daa2bfca9d4",
                "sha256:6778e1b2f81dfc7bc58e4b259363b83d2e509a65198e85d5700dfae4c6c8ff1c",
                "sha256:683407d92dc953c8a7347119596f0b0e6c55eb98ebebd9b23437501b28dcbb8e",
                "sha256:79b1e0869db7c830ba6a981d58711c88b6677506e648496b1f64ac7d15633aec",
                "sha256:7d5d014b7daa8b0bf2eaef684295acae12b036d79f54178b92a2b6a56f92278f",
                "sha256:98f80dee3c03455e92796b58b98ff6ca0b2a6f652120c263efdba4d6c5e58f72",
                "sha256:a94d55d142c9265f4ea46fab70977a1944ecae359ae867397757d836ea5a3f47",
                "sha256:a9916d2bb8865f973824fb47436fa45e1ebf2efd920f2b9f99342cb7fab93f72",
                "sha256:c542eeda69212fa10a7ada75e668876fdec5f856cd3d06829e6aa64ad17c8dfe",
                "sha256:cf4afcfac006ece570e32d6fa90ab74a17245b83dfd6655a6f68568098345ff6",
                "sha256:ebd9d7f80ccf7a82ac5f88c521115cc55d84e35bf8b446fcd7836eb6b98929a3",
                "sha256:ed855bbe3eb3715fca349c80174cfcfd699c2f9de574d40527b8429acae23a66"
            ],
            "markers": "python_version < '3.8' and implementation_name == 'cpython'",
            "version": "==1.5.4"
        },
        "typing-extensions": {
            "hashes": [
                "sha256:1511434bb92bf8dd198c12b1cc812e800d4181cfcb867674e0f8279cc93087aa",
                "sha256:16fa4864408f655d35ec496218b85f79b3437c829e93320c7c9215ccfd92489e"
            ],
            "markers": "python_version < '3.11'",
            "version": "==4.4.0"
        },
        "wrapt": {
            "hashes": [
                "sha256:00b6d4ea20a906c0ca56d84f93065b398ab74b927a7a3dbd470f6fc503f95dc3",
                "sha256:01c205616a89d09827986bc4e859bcabd64f5a0662a7fe95e0d359424e0e071b",
                "sha256:02b41b633c6261feff8ddd8d11c711df6842aba629fdd3da10249a53211a72c4",
                "sha256:07f7a7d0f388028b2df1d916e94bbb40624c59b48ecc6cbc232546706fac74c2",
                "sha256:11871514607b15cfeb87c547a49bca19fde402f32e2b1c24a632506c0a756656",
                "sha256:1b376b3f4896e7930f1f772ac4b064ac12598d1c38d04907e696cc4d794b43d3",
                "sha256:21ac0156c4b089b330b7666db40feee30a5d52634cc4560e1905d6529a3897ff",
                "sha256:257fd78c513e0fb5cdbe058c27a0624c9884e735bbd131935fd49e9fe719d310",
                "sha256:2b39d38039a1fdad98c87279b48bc5dce2c0ca0d73483b12cb72aa9609278e8a",
                "sha256:2cf71233a0ed05ccdabe209c606fe0bac7379fdcf687f39b944420d2a09fdb57",
                "sha256:2fe803deacd09a233e4762a1adcea5db5d31e6be577a43352936179d14d90069",
                "sha256:3232822c7d98d23895ccc443bbdf57c7412c5a65996c30442ebe6ed3df335383",
                "sha256:34aa51c45f28ba7f12accd624225e2b1e5a3a45206aa191f6f9aac931d9d56fe",
                "sha256:36f582d0c6bc99d5f39cd3ac2a9062e57f3cf606ade29a0a0d6b323462f4dd87",
                "sha256:380a85cf89e0e69b7cfbe2ea9f765f004ff419f34194018a6827ac0e3edfed4d",
                "sha256:40e7bc81c9e2b2734ea4bc1aceb8a8f0ceaac7c5299bc5d69e37c44d9081d43b",
                "sha256:43ca3bbbe97af00f49efb06e352eae40434ca9d915906f77def219b88e85d907",
                "sha256:4fcc4649dc762cddacd193e6b55bc02edca674067f5f98166d7713b193932b7f",
                "sha256:5a0f54ce2c092aaf439813735584b9537cad479575a09892b8352fea5e988dc0",
                "sha256:5a9a0d155deafd9448baff28c08e150d9b24ff010e899311ddd63c45c2445e28",
                "sha256:5b02d65b9ccf0ef6c34cba6cf5bf2aab1bb2f49c6090bafeecc9cd81ad4ea1c1",
                "sha256:60db23fa423575eeb65ea430cee741acb7c26a1365d103f7b0f6ec412b893853",
                "sha256:642c2e7a804fcf18c222e1060df25fc210b9c58db7c91416fb055897fc27e8cc",
                "sha256:6a9a25751acb379b466ff6be78a315e2b439d4c94c1e99cb7266d40a537995d3",
                "sha256:6b1a564e6cb69922c7fe3a678b9f9a3c54e72b469875aa8018f18b4d1dd1adf3",
                "sha256:6d323e1554b3d22cfc03cd3243b5bb815a51f5249fdcbb86fda4bf62bab9e164",
                "sha256:6e743de5e9c3d1b7185870f480587b75b1cb604832e380d64f9504a0535912d1",
                "sha256:709fe01086a55cf79d20f741f39325018f4df051ef39fe921b1ebe780a66184c",
                "sha256:7b7c050ae976e286906dd3f26009e117eb000fb2cf3533398c5ad9ccc86867b1",
                "sha256:7d2872609603cb35ca513d7404a94d6d608fc13211563571117046c9d2bcc3d7",
                "sha256:7ef58fb89674095bfc57c4069e95d7a31cfdc0939e2a579882ac7d55aadfd2a1",
                "sha256:80bb5c256f1415f747011dc3604b59bc1f91c6e7150bd7db03b19170ee06b320",
                "sha256:81b19725065dcb43df02b37e03278c011a09e49757287dca60c5aecdd5a0b8ed",
                "sha256:833b58d5d0b7e5b9832869f039203389ac7cbf01765639c7309fd50ef619e0b1",
                "sha256:88bd7b6bd70a5b6803c1abf6bca012f7ed963e58c68d76ee20b9d751c74a3248",
                "sha256:8ad85f7f4e20964db4daadcab70b47ab05c7c1cf2a7c1e51087bfaa83831854c",
                "sha256:8c0ce1e99116d5ab21355d8ebe53d9460366704ea38ae4d9f6933188f327b456",
                "sha256:8d649d616e5c6a678b26d15ece345354f7c2286acd6db868e65fcc5ff7c24a77",
                "sha256:903500616422a40a98a5a3c4ff4ed9d0066f3b4c951fa286018ecdf0750194ef",
                "sha256:9736af4641846491aedb3c3f56b9bc5568d92b0692303b5a305301a95dfd38b1",
                "sha256:988635d122aaf2bdcef9e795435662bcd65b02f4f4c1ae37fbee7401c440b3a7",
                "sha256:9cca3c2cdadb362116235fdbd411735de4328c61425b0aa9f872fd76d02c4e86",
                "sha256:9e0fd32e0148dd5dea6af5fee42beb949098564cc23211a88d799e434255a1f4",
                "sha256:9f3e6f9e05148ff90002b884fbc2a86bd303ae847e472f44ecc06c2cd2fcdb2d",
                "sha256:a85d2b46be66a71bedde836d9e41859879cc54a2a04fad1191eb50c2066f6e9d",
                "sha256:a9a52172be0b5aae932bef82a79ec0a0ce87288c7d132946d645eba03f0ad8a8",
                "sha256:aa31fdcc33fef9eb2552cbcbfee7773d5a6792c137b359e82879c101e98584c5",
                "sha256:b014c23646a467558be7da3d6b9fa409b2c567d2110599b7cf9a0c5992b3b471",
                "sha256:b21bb4c09ffabfa0e85e3a6b623e19b80e7acd709b9f91452b8297ace2a8ab00",
                "sha256:b5901a312f4d14c59918c221323068fad0540e34324925c8475263841dbdfe68",
                "sha256:b9b7a708dd92306328117d8c4b62e2194d00c365f18eff11a9b53c6f923b01e3",
                "sha256:d1967f46ea8f2db647c786e78d8cc7e4313dbd1b0aca360592d8027b8508e24d",
                "sha256:d52a25136894c63de15a35bc0bdc5adb4b0e173b9c0d07a2be9d3ca64a332735",
                "sha256:d77c85fedff92cf788face9bfa3ebaa364448ebb1d765302e9af11bf449ca36d",
                "sha256:d79d7d5dc8a32b7093e81e97dad755127ff77bcc899e845f41bf71747af0c569",
                "sha256:dbcda74c67263139358f4d188ae5faae95c30929281bc6866d00573783c422b7",
                "sha256:ddaea91abf8b0d13443f6dac52e89051a5063c7d014710dcb4d4abb2ff811a59",
                "sha256:dee0ce50c6a2dd9056c20db781e9c1cfd33e77d2d569f5d1d9321c641bb903d5",
                "sha256:dee60e1de1898bde3b238f18340eec6148986da0455d8ba7848d50470a7a32fb",
                "sha256:e2f83e18fe2f4c9e7db597e988f72712c0c3676d337d8b101f6758107c42425b",
                "sha256:e3fb1677c720409d5f671e39bac6c9e0e422584e5f518bfd50aa4cbbea02433f",
                "sha256:ee2b1b1769f6707a8a445162ea16dddf74285c3964f605877a20e38545c3c462",
                "sha256:ee6acae74a2b91865910eef5e7de37dc6895ad96fa23603d1d27ea69df545015",
                "sha256:ef3f72c9666bba2bab70d2a8b79f2c6d2c1a42a7f7e2b0ec83bb2f9e383950af"
            ],
            "markers": "python_version < '3.11'",
            "version": "==1.14.1"
        }
    }
}
